
Microsoft Visual Studio Solution File, Format Version 12.00
# Visual Studio Version 16
VisualStudioVersion = 16.0.29230.47
MinimumVisualStudioVersion = 10.0.40219.1
Project("{9A19103F-16F7-4668-BE54-9A1E7A4F7556}") = "Study.Common", "Study.Common\Study.Common.csproj", "{C37A5290-6700-4187-B9A5-821FCC1F4F0A}"
EndProject
Project("{9A19103F-16F7-4668-BE54-9A1E7A4F7556}") = "Study.Service", "Study.Service\Study.Service.csproj", "{9971E6C7-17F4-4702-87B2-913E726FC385}"
EndProject
Project("{9A19103F-16F7-4668-BE54-9A1E7A4F7556}") = "Study.Client", "Study.Client\Study.Client.csproj", "{B37399B4-B1E8-47AC-8348-61808E4B38B5}"
EndProject
Project("{9A19103F-16F7-4668-BE54-9A1E7A4F7556}") = "Study.Core", "Study.Core\Study.Core.csproj", "{6CB27A20-8319-44E6-9DBA-78D8111F6302}"
EndProject
Project("{2150E333-8FDC-42A3-9474-1A3956D46DE8}") = "sample", "sample", "{C7F7594E-450D-42E5-8851-0022901A3C4E}"
EndProject
Project("{9A19103F-16F7-4668-BE54-9A1E7A4F7556}") = "Study.ProxyGenerator", "Study.ProxyGenerator\Study.ProxyGenerator.csproj", "{C2A8256A-ABC8-4BED-8961-B64D08EC71B8}"
EndProject
Project("{9A19103F-16F7-4668-BE54-9A1E7A4F7556}") = "Study.Transport.DotNetty", "Study.Transport.DotNetty\Study.Transport.DotNetty.csproj", "{737CFC61-6515-42D1-BD9E-201268E5E49D}"
EndProject
Project("{2150E333-8FDC-42A3-9474-1A3956D46DE8}") = "doc", "doc", "{D66A4A7C-8488-4316-B0A9-0C5046216B38}"
	ProjectSection(SolutionItems) = preProject
		README.md = README.md
	EndProjectSection
EndProject
Project("{9A19103F-16F7-4668-BE54-9A1E7A4F7556}") = "Study.Core.Consul", "Study.Core.Consul\Study.Core.Consul.csproj", "{B59F05AD-079B-4604-AA50-F0BB5BC88249}"
EndProject
Project("{9A19103F-16F7-4668-BE54-9A1E7A4F7556}") = "Study.Service1", "Study.Service1\Study.Service1.csproj", "{FCB9ED20-18AC-4B7D-80D1-AA91F7C76622}"
EndProject
Global
	GlobalSection(SolutionConfigurationPlatforms) = preSolution
		Debug|Any CPU = Debug|Any CPU
		Release|Any CPU = Release|Any CPU
	EndGlobalSection
	GlobalSection(ProjectConfigurationPlatforms) = postSolution
		{C37A5290-6700-4187-B9A5-821FCC1F4F0A}.Debug|Any CPU.ActiveCfg = Debug|Any CPU
		{C37A5290-6700-4187-B9A5-821FCC1F4F0A}.Debug|Any CPU.Build.0 = Debug|Any CPU
		{C37A5290-6700-4187-B9A5-821FCC1F4F0A}.Release|Any CPU.ActiveCfg = Release|Any CPU
		{C37A5290-6700-4187-B9A5-821FCC1F4F0A}.Release|Any CPU.Build.0 = Release|Any CPU
		{9971E6C7-17F4-4702-87B2-913E726FC385}.Debug|Any CPU.ActiveCfg = Debug|Any CPU
		{9971E6C7-17F4-4702-87B2-913E726FC385}.Debug|Any CPU.Build.0 = Debug|Any CPU
		{9971E6C7-17F4-4702-87B2-913E726FC385}.Release|Any CPU.ActiveCfg = Release|Any CPU
		{9971E6C7-17F4-4702-87B2-913E726FC385}.Release|Any CPU.Build.0 = Release|Any CPU
		{B37399B4-B1E8-47AC-8348-61808E4B38B5}.Debug|Any CPU.ActiveCfg = Debug|Any CPU
		{B37399B4-B1E8-47AC-8348-61808E4B38B5}.Debug|Any CPU.Build.0 = Debug|Any CPU
		{B37399B4-B1E8-47AC-8348-61808E4B38B5}.Release|Any CPU.ActiveCfg = Release|Any CPU
		{B37399B4-B1E8-47AC-8348-61808E4B38B5}.Release|Any CPU.Build.0 = Release|Any CPU
		{6CB27A20-8319-44E6-9DBA-78D8111F6302}.Debug|Any CPU.ActiveCfg = Debug|Any CPU
		{6CB27A20-8319-44E6-9DBA-78D8111F6302}.Debug|Any CPU.Build.0 = Debug|Any CPU
		{6CB27A20-8319-44E6-9DBA-78D8111F6302}.Release|Any CPU.ActiveCfg = Release|Any CPU
		{6CB27A20-8319-44E6-9DBA-78D8111F6302}.Release|Any CPU.Build.0 = Release|Any CPU
		{C2A8256A-ABC8-4BED-8961-B64D08EC71B8}.Debug|Any CPU.ActiveCfg = Debug|Any CPU
		{C2A8256A-ABC8-4BED-8961-B64D08EC71B8}.Debug|Any CPU.Build.0 = Debug|Any CPU
		{C2A8256A-ABC8-4BED-8961-B64D08EC71B8}.Release|Any CPU.ActiveCfg = Release|Any CPU
		{C2A8256A-ABC8-4BED-8961-B64D08EC71B8}.Release|Any CPU.Build.0 = Release|Any CPU
		{737CFC61-6515-42D1-BD9E-201268E5E49D}.Debug|Any CPU.ActiveCfg = Debug|Any CPU
		{737CFC61-6515-42D1-BD9E-201268E5E49D}.Debug|Any CPU.Build.0 = Debug|Any CPU
		{737CFC61-6515-42D1-BD9E-201268E5E49D}.Release|Any CPU.ActiveCfg = Release|Any CPU
		{737CFC61-6515-42D1-BD9E-201268E5E49D}.Release|Any CPU.Build.0 = Release|Any CPU
		{B59F05AD-079B-4604-AA50-F0BB5BC88249}.Debug|Any CPU.ActiveCfg = Debug|Any CPU
		{B59F05AD-079B-4604-AA50-F0BB5BC88249}.Debug|Any CPU.Build.0 = Debug|Any CPU
		{B59F05AD-079B-4604-AA50-F0BB5BC88249}.Release|Any CPU.ActiveCfg = Release|Any CPU
		{B59F05AD-079B-4604-AA50-F0BB5BC88249}.Release|Any CPU.Build.0 = Release|Any CPU
		{FCB9ED20-18AC-4B7D-80D1-AA91F7C76622}.Debug|Any CPU.ActiveCfg = Debug|Any CPU
		{FCB9ED20-18AC-4B7D-80D1-AA91F7C76622}.Debug|Any CPU.Build.0 = Debug|Any CPU
		{FCB9ED20-18AC-4B7D-80D1-AA91F7C76622}.Release|Any CPU.ActiveCfg = Release|Any CPU
		{FCB9ED20-18AC-4B7D-80D1-AA91F7C76622}.Release|Any CPU.Build.0 = Release|Any CPU
	EndGlobalSection
	GlobalSection(SolutionProperties) = preSolution
		HideSolutionNode = FALSE
	EndGlobalSection
	GlobalSection(NestedProjects) = preSolution
		{C37A5290-6700-4187-B9A5-821FCC1F4F0A} = {C7F7594E-450D-42E5-8851-0022901A3C4E}
		{9971E6C7-17F4-4702-87B2-913E726FC385} = {C7F7594E-450D-42E5-8851-0022901A3C4E}
		{B37399B4-B1E8-47AC-8348-61808E4B38B5} = {C7F7594E-450D-42E5-8851-0022901A3C4E}
		{FCB9ED20-18AC-4B7D-80D1-AA91F7C76622} = {C7F7594E-450D-42E5-8851-0022901A3C4E}
	EndGlobalSection
	GlobalSection(ExtensibilityGlobals) = postSolution
		SolutionGuid = {371B5483-F5D0-4486-914A-CE399DDF5B4B}
	EndGlobalSection
EndGlobal
